{
  "version": 4,
  "terraform_version": "1.15.3",
  "serial": 1,
  "lineage": "1932a7e8-7d73-ac3a-cdd6-19873bc70515",
  "outputs": {},
  "resources": [
    {
      "mode": "managed",
      "type": "local_file",
      "name": "lab_file",
      "provider": "provider[\"registry.terraform.io/hashicorp/local\"]",
      "instances": [
        {
          "schema_version": 0,
          "attributes": {
            "content": "Terraform is working successfully without AWS",
            "content_base64": null,
            "content_base64sha256": "0sxW5yOoRlFGSlqUHr754YBesDT1gaF1rHe3j0eRYvM=",
            "content_base64sha512": "sKBrcjLAB/Wg39xWZPdY6SimksxgMSs9xb8ndnQlC6AWDML15JGDIrHniEIZ6GlQup6zNpEJ/xR1Nvh7/9wQbA==",
            "content_md5": "e04cad1295afc2b0685c081b19751159",
            "content_sha1": "b13ad946195e79c447bb83d0f4a111ebb9452e04",
            "content_sha256": "d2cc56e723a84651464a5a941ebef9e1805eb034f581a175ac77b78f479162f3",
            "content_sha512": "b0a06b7232c007f5a0dfdc5664f758e928a692cc60312b3dc5bf277674250ba0160cc2f5e4918322b1e7884219e86950ba9eb3369109ff147536f87bffdc106c",
            "directory_permission": "0777",
            "file_permission": "0777",
            "filename": "./lab_output.txt",
            "id": "b13ad946195e79c447bb83d0f4a111ebb9452e04",
            "sensitive_content": null,
            "source": null
          },
          "sensitive_attributes": [
            [
              {
                "type": "get_attr",
                "value": "sensitive_content"
              }
            ]
          ],
          "identity_schema_version": 0
        }
      ]
    }
  ],
  "check_results": null
}
